
Microsoft Visual Studio Solution File, Format Version 12.00
# Visual Studio Version 17
VisualStudioVersion = 17.8.34525.116
MinimumVisualStudioVersion = 10.0.40219.1
Project("{9A19103F-16F7-4668-BE54-9A1E7A4F7556}") = "London.Api", "London.Api.csproj", "{C446AEF7-B389-4336-BDD9-40F1DAE14522}"
EndProject
Project("{2150E333-8FDC-42A3-9474-1A3956D46DE8}") = "Docs", "Docs", "{D7EDC7F3-7AE3-45DC-9881-D8D06352195A}"
EndProject
Project("{FAE04EC0-301F-11D3-BF4B-00C04F79EFBC}") = "London.Test", "London.Test\London.Test.csproj", "{7F34B0D0-CEFE-4607-BC5B-557EEA86DD96}"
EndProject
Global
	GlobalSection(SolutionConfigurationPlatforms) = preSolution
		Debug|Any CPU = Debug|Any CPU
		Release|Any CPU = Release|Any CPU
	EndGlobalSection
	GlobalSection(ProjectConfigurationPlatforms) = postSolution
		{C446AEF7-B389-4336-BDD9-40F1DAE14522}.Debug|Any CPU.ActiveCfg = Debug|Any CPU
		{C446AEF7-B389-4336-BDD9-40F1DAE14522}.Debug|Any CPU.Build.0 = Debug|Any CPU
		{C446AEF7-B389-4336-BDD9-40F1DAE14522}.Release|Any CPU.ActiveCfg = Release|Any CPU
		{C446AEF7-B389-4336-BDD9-40F1DAE14522}.Release|Any CPU.Build.0 = Release|Any CPU
		{7F34B0D0-CEFE-4607-BC5B-557EEA86DD96}.Debug|Any CPU.ActiveCfg = Debug|Any CPU
		{7F34B0D0-CEFE-4607-BC5B-557EEA86DD96}.Debug|Any CPU.Build.0 = Debug|Any CPU
		{7F34B0D0-CEFE-4607-BC5B-557EEA86DD96}.Release|Any CPU.ActiveCfg = Release|Any CPU
		{7F34B0D0-CEFE-4607-BC5B-557EEA86DD96}.Release|Any CPU.Build.0 = Release|Any CPU
	EndGlobalSection
	GlobalSection(SolutionProperties) = preSolution
		HideSolutionNode = FALSE
	EndGlobalSection
	GlobalSection(ExtensibilityGlobals) = postSolution
		SolutionGuid = {BEA933EA-128B-4D62-867F-9FED059EA086}
	EndGlobalSection
EndGlobal
